{
    "_meta": {
        "hash": {
            "sha256": "9ae0fc871bf37b16477df5d559666b969aeee63811f19d5abff9019f4f88a149"
        },
        "pipfile-spec": 6,
        "requires": {
            "python_version": "3.7"
        },
        "sources": [
            {
                "name": "pypi",
                "url": "https://pypi.org/simple",
                "verify_ssl": true
            }
        ]
    },
    "default": {
        "python-bitcoinrpc": {
            "hashes": [
                "sha256:a6a6f35672635163bc491c25fe29520bdd063dedbeda3b37bf5be97aa038c6e7"
            ],
            "index": "pypi",
            "version": "==1.0"
        },
        "tqdm": {
            "hashes": [
                "sha256:18f1818ce951aeb9ea162ae1098b43f583f7d057b34d706f66939353d1208889",
                "sha256:df02c0650160986bac0218bb07952245fc6960d23654648b5d5526ad5a4128c9"
            ],
            "index": "pypi",
            "version": "==4.26.0"
        }
    },
    "develop": {}
}
