{
    "_meta": {
        "hash": {
            "sha256": "3680bae147f5cb3f37ccc87690cf065958c0a497bab9c363d3d1f1984855eeef"
        },
        "pipfile-spec": 6,
        "requires": {
            "python_version": "3.7"
        },
        "sources": [
            {
                "name": "pypi",
                "url": "https://pypi.org/simple",
                "verify_ssl": true
            }
        ]
    },
    "default": {
        "python-bitcoinlib": {
            "hashes": [
                "sha256:0fe7de6c083e12479eb12d3764ece83e5c73b1c48e806009ee1a1aa02da098cf",
                "sha256:4c5ab6d6937086b2964a97182ca04d9a7ecfe9295ab9520f58ac13a1f54e9183"
            ],
            "index": "pypi",
            "version": "==0.10.1"
        },
        "python-bitcoinrpc": {
            "hashes": [
                "sha256:a6a6f35672635163bc491c25fe29520bdd063dedbeda3b37bf5be97aa038c6e7"
            ],
            "index": "pypi",
            "version": "==1.0"
        },
        "tqdm": {
            "hashes": [
                "sha256:18f1818ce951aeb9ea162ae1098b43f583f7d057b34d706f66939353d1208889",
                "sha256:df02c0650160986bac0218bb07952245fc6960d23654648b5d5526ad5a4128c9"
            ],
            "index": "pypi",
            "version": "==4.26.0"
        }
    },
    "develop": {}
}
